
Microsoft Visual Studio Solution File, Format Version 12.00
# Visual Studio Version 16
VisualStudioVersion = 16.0.30011.22
MinimumVisualStudioVersion = 10.0.40219.1
Project("{FAE04EC0-301F-11D3-BF4B-00C04F79EFBC}") = "ViewsSample", "ViewsSample\ViewsSample.csproj", "{0B88ED81-98F7-43EA-9D1B-0EABDDBE97A4}"
EndProject
Global
	GlobalSection(SolutionConfigurationPlatforms) = preSolution
		Debug|Any CPU = Debug|Any CPU
		Release|Any CPU = Release|Any CPU
	EndGlobalSection
	GlobalSection(ProjectConfigurationPlatforms) = postSolution
		{0B88ED81-98F7-43EA-9D1B-0EABDDBE97A4}.Debug|Any CPU.ActiveCfg = Debug|Any CPU
		{0B88ED81-98F7-43EA-9D1B-0EABDDBE97A4}.Debug|Any CPU.Build.0 = Debug|Any CPU
		{0B88ED81-98F7-43EA-9D1B-0EABDDBE97A4}.Release|Any CPU.ActiveCfg = Release|Any CPU
		{0B88ED81-98F7-43EA-9D1B-0EABDDBE97A4}.Release|Any CPU.Build.0 = Release|Any CPU
	EndGlobalSection
	GlobalSection(SolutionProperties) = preSolution
		HideSolutionNode = FALSE
	EndGlobalSection
	GlobalSection(ExtensibilityGlobals) = postSolution
		SolutionGuid = {9144CFC4-510D-4B0D-9183-E9C395C33B7C}
	EndGlobalSection
EndGlobal
